// !$*UTF8*$!
{
	archiveVersion = 1;
	classes = {
	};
	objectVersion = 77;
	objects = {

/* Begin PBXContainerItemProxy section */
		6920A6C12CA6E32E00A55C3E /* PBXContainerItemProxy */ = {
			isa = PBXContainerItemProxy;
			containerPortal = 6920A6A82CA6E32D00A55C3E /* Project object */;
			proxyType = 1;
			remoteGlobalIDString = 6920A6AF2CA6E32D00A55C3E;
			remoteInfo = AngeloApp;
		};
		6920A6CB2CA6E32E00A55C3E /* PBXContainerItemProxy */ = {
			isa = PBXContainerItemProxy;
			containerPortal = 6920A6A82CA6E32D00A55C3E /* Project object */;
			proxyType = 1;
			remoteGlobalIDString = 6920A6AF2CA6E32D00A55C3E;
			remoteInfo = AngeloApp;
		};
/* End PBXContainerItemProxy section */

/* Begin PBXFileReference section */
		6920A6B02CA6E32D00A55C3E /* AngeloApp.app */ = {isa = PBXFileReference; explicitFileType = wrapper.application; includeInIndex = 0; path = AngeloApp.app; sourceTree = BUILT_PRODUCTS_DIR; };
		6920A6C02CA6E32E00A55C3E /* AngeloAppTests.xctest */ = {isa = PBXFileReference; explicitFileType = wrapper.cfbundle; includeInIndex = 0; path = AngeloAppTests.xctest; sourceTree = BUILT_PRODUCTS_DIR; };
		6920A6CA2CA6E32E00A55C3E /* AngeloAppUITests.xctest */ = {isa = PBXFileReference; explicitFileType = wrapper.cfbundle; includeInIndex = 0; path = AngeloAppUITests.xctest; sourceTree = BUILT_PRODUCTS_DIR; };
/* End PBXFileReference section */

/* Begin PBXFileSystemSynchronizedRootGroup section */
		6920A6B22CA6E32D00A55C3E /* AngeloApp */ = {
			isa = PBXFileSystemSynchronizedRootGroup;
			path = AngeloApp;
			sourceTree = "<group>";
		};
		6920A6C32CA6E32E00A55C3E /* AngeloAppTests */ = {
			isa = PBXFileSystemSynchronizedRootGroup;
			path = AngeloAppTests;
			sourceTree = "<group>";
		};
		6920A6CD2CA6E32E00A55C3E /* AngeloAppUITests */ = {
			isa = PBXFileSystemSynchronizedRootGroup;
			path = AngeloAppUITests;
			sourceTree = "<group>";
		};
/* End PBXFileSystemSynchronizedRootGroup section */

/* Begin PBXFrameworksBuildPhase section */
		6920A6AD2CA6E32D00A55C3E /* Frameworks */ = {
			isa = PBXFrameworksBuildPhase;
			buildActionMask = 2147483647;
			files = (
			);
			runOnlyForDeploymentPostprocessing = 0;
		};
		6920A6BD2CA6E32E00A55C3E /* Frameworks */ = {
			isa = PBXFrameworksBuildPhase;
			buildActionMask = 2147483647;
			files = (
			);
			runOnlyForDeploymentPostprocessing = 0;
		};
		6920A6C72CA6E32E00A55C3E /* Frameworks */ = {
			isa = PBXFrameworksBuildPhase;
			buildActionMask = 2147483647;
			files = (
			);
			runOnlyForDeploymentPostprocessing = 0;
		};
/* End PBXFrameworksBuildPhase section */

/* Begin PBXGroup section */
		6920A6A72CA6E32D00A55C3E = {
			isa = PBXGroup;
			children = (
				6920A6B22CA6E32D00A55C3E /* AngeloApp */,
				6920A6C32CA6E32E00A55C3E /* AngeloAppTests */,
				6920A6CD2CA6E32E00A55C3E /* AngeloAppUITests */,
				6920A6B12CA6E32D00A55C3E /* Products */,
			);
			sourceTree = "<group>";
		};
		6920A6B12CA6E32D00A55C3E /* Products */ = {
			isa = PBXGroup;
			children = (
				6920A6B02CA6E32D00A55C3E /* AngeloApp.app */,
				6920A6C02CA6E32E00A55C3E /* AngeloAppTests.xctest */,
				6920A6CA2CA6E32E00A55C3E /* AngeloAppUITests.xctest */,
			);
			name = Products;
			sourceTree = "<group>";
		};
/* End PBXGroup section */

/* Begin PBXNativeTarget section */
		6920A6AF2CA6E32D00A55C3E /* AngeloApp */ = {
			isa = PBXNativeTarget;
			buildConfigurationList = 6920A6D42CA6E32E00A55C3E /* Build configuration list for PBXNativeTarget "AngeloApp" */;
			buildPhases = (
				6920A6AC2CA6E32D00A55C3E /* Sources */,
				6920A6AD2CA6E32D00A55C3E /* Frameworks */,
				6920A6AE2CA6E32D00A55C3E /* Resources */,
			);
			buildRules = (
			);
			dependencies = (
			);
			fileSystemSynchronizedGroups = (
				6920A6B22CA6E32D00A55C3E /* AngeloApp */,
			);
			name = AngeloApp;
			packageProductDependencies = (
			);
			productName = AngeloApp;
			productReference = 6920A6B02CA6E32D00A55C3E /* AngeloApp.app */;
			productType = "com.apple.product-type.application";
		};
		6920A6BF2CA6E32E00A55C3E /* AngeloAppTests */ = {
			isa = PBXNativeTarget;
			buildConfigurationList = 6920A6D72CA6E32E00A55C3E /* Build configuration list for PBXNativeTarget "AngeloAppTests" */;
			buildPhases = (
				6920A6BC2CA6E32E00A55C3E /* Sources */,
				6920A6BD2CA6E32E00A55C3E /* Frameworks */,
				6920A6BE2CA6E32E00A55C3E /* Resources */,
			);
			buildRules = (
			);
			dependencies = (
				6920A6C22CA6E32E00A55C3E /* PBXTargetDependency */,
			);
			fileSystemSynchronizedGroups = (
				6920A6C32CA6E32E00A55C3E /* AngeloAppTests */,
			);
			name = AngeloAppTests;
			packageProductDependencies = (
			);
			productName = AngeloAppTests;
			productReference = 6920A6C02CA6E32E00A55C3E /* AngeloAppTests.xctest */;
			productType = "com.apple.product-type.bundle.unit-test";
		};
		6920A6C92CA6E32E00A55C3E /* AngeloAppUITests */ = {
			isa = PBXNativeTarget;
			buildConfigurationList = 6920A6DA2CA6E32E00A55C3E /* Build configuration list for PBXNativeTarget "AngeloAppUITests" */;
			buildPhases = (
				6920A6C62CA6E32E00A55C3E /* Sources */,
				6920A6C72CA6E32E00A55C3E /* Frameworks */,
				6920A6C82CA6E32E00A55C3E /* Resources */,
			);
			buildRules = (
			);
			dependencies = (
				6920A6CC2CA6E32E00A55C3E /* PBXTargetDependency */,
			);
			fileSystemSynchronizedGroups = (
				6920A6CD2CA6E32E00A55C3E /* AngeloAppUITests */,
			);
			name = AngeloAppUITests;
			packageProductDependencies = (
			);
			productName = AngeloAppUITests;
			productReference = 6920A6CA2CA6E32E00A55C3E /* AngeloAppUITests.xctest */;
			productType = "com.apple.product-type.bundle.ui-testing";
		};
/* End PBXNativeTarget section */

/* Begin PBXProject section */
		6920A6A82CA6E32D00A55C3E /* Project object */ = {
			isa = PBXProject;
			attributes = {
				BuildIndependentTargetsInParallel = 1;
				LastSwiftUpdateCheck = 1600;
				LastUpgradeCheck = 1600;
				TargetAttributes = {
					6920A6AF2CA6E32D00A55C3E = {
						CreatedOnToolsVersion = 16.0;
					};
					6920A6BF2CA6E32E00A55C3E = {
						CreatedOnToolsVersion = 16.0;
						TestTargetID = 6920A6AF2CA6E32D00A55C3E;
					};
					6920A6C92CA6E32E00A55C3E = {
						CreatedOnToolsVersion = 16.0;
						TestTargetID = 6920A6AF2CA6E32D00A55C3E;
					};
				};
			};
			buildConfigurationList = 6920A6AB2CA6E32D00A55C3E /* Build configuration list for PBXProject "AngeloApp" */;
			developmentRegion = en;
			hasScannedForEncodings = 0;
			knownRegions = (
				en,
				Base,
			);
			mainGroup = 6920A6A72CA6E32D00A55C3E;
			minimizedProjectReferenceProxies = 1;
			preferredProjectObjectVersion = 77;
			productRefGroup = 6920A6B12CA6E32D00A55C3E /* Products */;
			projectDirPath = "";
			projectRoot = "";
			targets = (
				6920A6AF2CA6E32D00A55C3E /* AngeloApp */,
				6920A6BF2CA6E32E00A55C3E /* AngeloAppTests */,
				6920A6C92CA6E32E00A55C3E /* AngeloAppUITests */,
			);
		};
/* End PBXProject section */

/* Begin PBXResourcesBuildPhase section */
		6920A6AE2CA6E32D00A55C3E /* Resources */ = {
			isa = PBXResourcesBuildPhase;
			buildActionMask = 2147483647;
			files = (
			);
			runOnlyForDeploymentPostprocessing = 0;
		};
		6920A6BE2CA6E32E00A55C3E /* Resources */ = {
			isa = PBXResourcesBuildPhase;
			buildActionMask = 2147483647;
			files = (
			);
			runOnlyForDeploymentPostprocessing = 0;
		};
		6920A6C82CA6E32E00A55C3E /* Resources */ = {
			isa = PBXResourcesBuildPhase;
			buildActionMask = 2147483647;
			files = (
			);
			runOnlyForDeploymentPostprocessing = 0;
		};
/* End PBXResourcesBuildPhase section */

/* Begin PBXSourcesBuildPhase section */
		6920A6AC2CA6E32D00A55C3E /* Sources */ = {
			isa = PBXSourcesBuildPhase;
			buildActionMask = 2147483647;
			files = (
			);
			runOnlyForDeploymentPostprocessing = 0;
		};
		6920A6BC2CA6E32E00A55C3E /* Sources */ = {
			isa = PBXSourcesBuildPhase;
			buildActionMask = 2147483647;
			files = (
			);
			runOnlyForDeploymentPostprocessing = 0;
		};
		6920A6C62CA6E32E00A55C3E /* Sources */ = {
			isa = PBXSourcesBuildPhase;
			buildActionMask = 2147483647;
			files = (
			);
			runOnlyForDeploymentPostprocessing = 0;
		};
/* End PBXSourcesBuildPhase section */

/* Begin PBXTargetDependency section */
		6920A6C22CA6E32E00A55C3E /* PBXTargetDependency */ = {
			isa = PBXTargetDependency;
			target = 6920A6AF2CA6E32D00A55C3E /* AngeloApp */;
			targetProxy = 6920A6C12CA6E32E00A55C3E /* PBXContainerItemProxy */;
		};
		6920A6CC2CA6E32E00A55C3E /* PBXTargetDependency */ = {
			isa = PBXTargetDependency;
			target = 6920A6AF2CA6E32D00A55C3E /* AngeloApp */;
			targetProxy = 6920A6CB2CA6E32E00A55C3E /* PBXContainerItemProxy */;
		};
/* End PBXTargetDependency section */

/* Begin XCBuildConfiguration section */
		6920A6D22CA6E32E00A55C3E /* Debug */ = {
			isa = XCBuildConfiguration;
			buildSettings = {
				ALWAYS_SEARCH_USER_PATHS = NO;
				ASSETCATALOG_COMPILER_GENERATE_SWIFT_ASSET_SYMBOL_EXTENSIONS = YES;
				CLANG_ANALYZER_NONNULL = YES;
				CLANG_ANALYZER_NUMBER_OBJECT_CONVERSION = YES_AGGRESSIVE;
				CLANG_CXX_LANGUAGE_STANDARD = "gnu++20";
				CLANG_ENABLE_MODULES = YES;
				CLANG_ENABLE_OBJC_ARC = YES;
				CLANG_ENABLE_OBJC_WEAK = YES;
				CLANG_WARN_BLOCK_CAPTURE_AUTORELEASING = YES;
				CLANG_WARN_BOOL_CONVERSION = YES;
				CLANG_WARN_COMMA = YES;
				CLANG_WARN_CONSTANT_CONVERSION = YES;
				CLANG_WARN_DEPRECATED_OBJC_IMPLEMENTATIONS = YES;
				CLANG_WARN_DIRECT_OBJC_ISA_USAGE = YES_ERROR;
				CLANG_WARN_DOCUMENTATION_COMMENTS = YES;
				CLANG_WARN_EMPTY_BODY = YES;
				CLANG_WARN_ENUM_CONVERSION = YES;
				CLANG_WARN_INFINITE_RECURSION = YES;
				CLANG_WARN_INT_CONVERSION = YES;
				CLANG_WARN_NON_LITERAL_NULL_CONVERSION = YES;
				CLANG_WARN_OBJC_IMPLICIT_RETAIN_SELF = YES;
				CLANG_WARN_OBJC_LITERAL_CONVERSION = YES;
				CLANG_WARN_OBJC_ROOT_CLASS = YES_ERROR;
				CLANG_WARN_QUOTED_INCLUDE_IN_FRAMEWORK_HEADER = YES;
				CLANG_WARN_RANGE_LOOP_ANALYSIS = YES;
				CLANG_WARN_STRICT_PROTOTYPES = YES;
				CLANG_WARN_SUSPICIOUS_MOVE = YES;
				CLANG_WARN_UNGUARDED_AVAILABILITY = YES_AGGRESSIVE;
				CLANG_WARN_UNREACHABLE_CODE = YES;
				CLANG_WARN__DUPLICATE_METHOD_MATCH = YES;
				COPY_PHASE_STRIP = NO;
				DEBUG_INFORMATION_FORMAT = dwarf;
				ENABLE_STRICT_OBJC_MSGSEND = YES;
				ENABLE_TESTABILITY = YES;
				ENABLE_USER_SCRIPT_SANDBOXING = YES;
				GCC_C_LANGUAGE_STANDARD = gnu17;
				GCC_DYNAMIC_NO_PIC = NO;
				GCC_NO_COMMON_BLOCKS = YES;
				GCC_OPTIMIZATION_LEVEL = 0;
				GCC_PREPROCESSOR_DEFINITIONS = (
					"DEBUG=1",
					"$(inherited)",
				);
				GCC_WARN_64_TO_32_BIT_CONVERSION = YES;
				GCC_WARN_ABOUT_RETURN_TYPE = YES_ERROR;
				GCC_WARN_UNDECLARED_SELECTOR = YES;
				GCC_WARN_UNINITIALIZED_AUTOS = YES_AGGRESSIVE;
				GCC_WARN_UNUSED_FUNCTION = YES;
				GCC_WARN_UNUSED_VARIABLE = YES;
				IPHONEOS_DEPLOYMENT_TARGET = 17.6;
				LOCALIZATION_PREFERS_STRING_CATALOGS = YES;
				MTL_ENABLE_DEBUG_INFO = INCLUDE_SOURCE;
				MTL_FAST_MATH = YES;
				ONLY_ACTIVE_ARCH = YES;
				SDKROOT = iphoneos;
				SWIFT_ACTIVE_COMPILATION_CONDITIONS = "DEBUG $(inherited)";
				SWIFT_OPTIMIZATION_LEVEL = "-Onone";
			};
			name = Debug;
		};
		6920A6D32CA6E32E00A55C3E /* Release */ = {
			isa = XCBuildConfiguration;
			buildSettings = {
				ALWAYS_SEARCH_USER_PATHS = NO;
				ASSETCATALOG_COMPILER_GENERATE_SWIFT_ASSET_SYMBOL_EXTENSIONS = YES;
				CLANG_ANALYZER_NONNULL = YES;
				CLANG_ANALYZER_NUMBER_OBJECT_CONVERSION = YES_AGGRESSIVE;
				CLANG_CXX_LANGUAGE_STANDARD = "gnu++20";
				CLANG_ENABLE_MODULES = YES;
				CLANG_ENABLE_OBJC_ARC = YES;
				CLANG_ENABLE_OBJC_WEAK = YES;
				CLANG_WARN_BLOCK_CAPTURE_AUTORELEASING = YES;
				CLANG_WARN_BOOL_CONVERSION = YES;
				CLANG_WARN_COMMA = YES;
				CLANG_WARN_CONSTANT_CONVERSION = YES;
				CLANG_WARN_DEPRECATED_OBJC_IMPLEMENTATIONS = YES;
				CLANG_WARN_DIRECT_OBJC_ISA_USAGE = YES_ERROR;
				CLANG_WARN_DOCUMENTATION_COMMENTS = YES;
				CLANG_WARN_EMPTY_BODY = YES;
				CLANG_WARN_ENUM_CONVERSION = YES;
				CLANG_WARN_INFINITE_RECURSION = YES;
				CLANG_WARN_INT_CONVERSION = YES;
				CLANG_WARN_NON_LITERAL_NULL_CONVERSION = YES;
				CLANG_WARN_OBJC_IMPLICIT_RETAIN_SELF = YES;
				CLANG_WARN_OBJC_LITERAL_CONVERSION = YES;
				CLANG_WARN_OBJC_ROOT_CLASS = YES_ERROR;
				CLANG_WARN_QUOTED_INCLUDE_IN_FRAMEWORK_HEADER = YES;
				CLANG_WARN_RANGE_LOOP_ANALYSIS = YES;
				CLANG_WARN_STRICT_PROTOTYPES = YES;
				CLANG_WARN_SUSPICIOUS_MOVE = YES;
				CLANG_WARN_UNGUARDED_AVAILABILITY = YES_AGGRESSIVE;
				CLANG_WARN_UNREACHABLE_CODE = YES;
				CLANG_WARN__DUPLICATE_METHOD_MATCH = YES;
				COPY_PHASE_STRIP = NO;
				DEBUG_INFORMATION_FORMAT = "dwarf-with-dsym";
				ENABLE_NS_ASSERTIONS = NO;
				ENABLE_STRICT_OBJC_MSGSEND = YES;
				ENABLE_USER_SCRIPT_SANDBOXING = YES;
				GCC_C_LANGUAGE_STANDARD = gnu17;
				GCC_NO_COMMON_BLOCKS = YES;
				GCC_WARN_64_TO_32_BIT_CONVERSION = YES;
				GCC_WARN_ABOUT_RETURN_TYPE = YES_ERROR;
				GCC_WARN_UNDECLARED_SELECTOR = YES;
				GCC_WARN_UNINITIALIZED_AUTOS = YES_AGGRESSIVE;
				GCC_WARN_UNUSED_FUNCTION = YES;
				GCC_WARN_UNUSED_VARIABLE = YES;
				IPHONEOS_DEPLOYMENT_TARGET = 17.6;
				LOCALIZATION_PREFERS_STRING_CATALOGS = YES;
				MTL_ENABLE_DEBUG_INFO = NO;
				MTL_FAST_MATH = YES;
				ONLY_ACTIVE_ARCH = YES;
				SDKROOT = iphoneos;
				SWIFT_COMPILATION_MODE = wholemodule;
				VALIDATE_PRODUCT = YES;
			};
			name = Release;
		};
		6920A6D52CA6E32E00A55C3E /* Debug */ = {
			isa = XCBuildConfiguration;
			buildSettings = {
				ASSETCATALOG_COMPILER_APPICON_NAME = AppIcon;
				ASSETCATALOG_COMPILER_GLOBAL_ACCENT_COLOR_NAME = AccentColor;
				CODE_SIGN_STYLE = Automatic;
				CURRENT_PROJECT_VERSION = 1;
				DEVELOPMENT_ASSET_PATHS = "\"AngeloApp/Preview Content\"";
				DEVELOPMENT_TEAM = W6WDCVCY8Z;
				ENABLE_PREVIEWS = YES;
				GENERATE_INFOPLIST_FILE = YES;
				INFOPLIST_KEY_UIApplicationSceneManifest_Generation = YES;
				INFOPLIST_KEY_UIApplicationSupportsIndirectInputEvents = YES;
				INFOPLIST_KEY_UILaunchScreen_Generation = YES;
				INFOPLIST_KEY_UISupportedInterfaceOrientations_iPad = "UIInterfaceOrientationPortrait UIInterfaceOrientationPortraitUpsideDown UIInterfaceOrientationLandscapeLeft UIInterfaceOrientationLandscapeRight";
				INFOPLIST_KEY_UISupportedInterfaceOrientations_iPhone = "UIInterfaceOrientationPortrait UIInterfaceOrientationLandscapeLeft UIInterfaceOrientationLandscapeRight";
				IPHONEOS_DEPLOYMENT_TARGET = 17.6;
				LD_RUNPATH_SEARCH_PATHS = (
					"$(inherited)",
					"@executable_path/Frameworks",
				);
				MARKETING_VERSION = 1.0;
				PRODUCT_BUNDLE_IDENTIFIER = Challenge.AngeloApp;
				PRODUCT_NAME = "$(TARGET_NAME)";
				SWIFT_EMIT_LOC_STRINGS = YES;
				SWIFT_VERSION = 5.0;
				TARGETED_DEVICE_FAMILY = "1,2";
			};
			name = Debug;
		};
		6920A6D62CA6E32E00A55C3E /* Release */ = {
			isa = XCBuildConfiguration;
			buildSettings = {
				ASSETCATALOG_COMPILER_APPICON_NAME = AppIcon;
				ASSETCATALOG_COMPILER_GLOBAL_ACCENT_COLOR_NAME = AccentColor;
				CODE_SIGN_STYLE = Automatic;
				CURRENT_PROJECT_VERSION = 1;
				DEVELOPMENT_ASSET_PATHS = "\"AngeloApp/Preview Content\"";
				DEVELOPMENT_TEAM = W6WDCVCY8Z;
				ENABLE_PREVIEWS = YES;
				GENERATE_INFOPLIST_FILE = YES;
				INFOPLIST_KEY_UIApplicationSceneManifest_Generation = YES;
				INFOPLIST_KEY_UIApplicationSupportsIndirectInputEvents = YES;
				INFOPLIST_KEY_UILaunchScreen_Generation = YES;
				INFOPLIST_KEY_UISupportedInterfaceOrientations_iPad = "UIInterfaceOrientationPortrait UIInterfaceOrientationPortraitUpsideDown UIInterfaceOrientationLandscapeLeft UIInterfaceOrientationLandscapeRight";
				INFOPLIST_KEY_UISupportedInterfaceOrientations_iPhone = "UIInterfaceOrientationPortrait UIInterfaceOrientationLandscapeLeft UIInterfaceOrientationLandscapeRight";
				IPHONEOS_DEPLOYMENT_TARGET = 17.6;
				LD_RUNPATH_SEARCH_PATHS = (
					"$(inherited)",
					"@executable_path/Frameworks",
				);
				MARKETING_VERSION = 1.0;
				PRODUCT_BUNDLE_IDENTIFIER = Challenge.AngeloApp;
				PRODUCT_NAME = "$(TARGET_NAME)";
				SWIFT_EMIT_LOC_STRINGS = YES;
				SWIFT_VERSION = 5.0;
				TARGETED_DEVICE_FAMILY = "1,2";
			};
			name = Release;
		};
		6920A6D82CA6E32E00A55C3E /* Debug */ = {
			isa = XCBuildConfiguration;
			buildSettings = {
				BUNDLE_LOADER = "$(TEST_HOST)";
				CODE_SIGN_STYLE = Automatic;
				CURRENT_PROJECT_VERSION = 1;
				GENERATE_INFOPLIST_FILE = YES;
				IPHONEOS_DEPLOYMENT_TARGET = 18.0;
				MARKETING_VERSION = 1.0;
				PRODUCT_BUNDLE_IDENTIFIER = Challenge.AngeloAppTests;
				PRODUCT_NAME = "$(TARGET_NAME)";
				SWIFT_EMIT_LOC_STRINGS = NO;
				SWIFT_VERSION = 5.0;
				TARGETED_DEVICE_FAMILY = "1,2";
				TEST_HOST = "$(BUILT_PRODUCTS_DIR)/AngeloApp.app/$(BUNDLE_EXECUTABLE_FOLDER_PATH)/AngeloApp";
			};
			name = Debug;
		};
		6920A6D92CA6E32E00A55C3E /* Release */ = {
			isa = XCBuildConfiguration;
			buildSettings = {
				BUNDLE_LOADER = "$(TEST_HOST)";
				CODE_SIGN_STYLE = Automatic;
				CURRENT_PROJECT_VERSION = 1;
				GENERATE_INFOPLIST_FILE = YES;
				IPHONEOS_DEPLOYMENT_TARGET = 18.0;
				MARKETING_VERSION = 1.0;
				PRODUCT_BUNDLE_IDENTIFIER = Challenge.AngeloAppTests;
				PRODUCT_NAME = "$(TARGET_NAME)";
				SWIFT_EMIT_LOC_STRINGS = NO;
				SWIFT_VERSION = 5.0;
				TARGETED_DEVICE_FAMILY = "1,2";
				TEST_HOST = "$(BUILT_PRODUCTS_DIR)/AngeloApp.app/$(BUNDLE_EXECUTABLE_FOLDER_PATH)/AngeloApp";
			};
			name = Release;
		};
		6920A6DB2CA6E32E00A55C3E /* Debug */ = {
			isa = XCBuildConfiguration;
			buildSettings = {
				CODE_SIGN_STYLE = Automatic;
				CURRENT_PROJECT_VERSION = 1;
				GENERATE_INFOPLIST_FILE = YES;
				MARKETING_VERSION = 1.0;
				PRODUCT_BUNDLE_IDENTIFIER = Challenge.AngeloAppUITests;
				PRODUCT_NAME = "$(TARGET_NAME)";
				SWIFT_EMIT_LOC_STRINGS = NO;
				SWIFT_VERSION = 5.0;
				TARGETED_DEVICE_FAMILY = "1,2";
				TEST_TARGET_NAME = AngeloApp;
			};
			name = Debug;
		};
		6920A6DC2CA6E32E00A55C3E /* Release */ = {
			isa = XCBuildConfiguration;
			buildSettings = {
				CODE_SIGN_STYLE = Automatic;
				CURRENT_PROJECT_VERSION = 1;
				GENERATE_INFOPLIST_FILE = YES;
				MARKETING_VERSION = 1.0;
				PRODUCT_BUNDLE_IDENTIFIER = Challenge.AngeloAppUITests;
				PRODUCT_NAME = "$(TARGET_NAME)";
				SWIFT_EMIT_LOC_STRINGS = NO;
				SWIFT_VERSION = 5.0;
				TARGETED_DEVICE_FAMILY = "1,2";
				TEST_TARGET_NAME = AngeloApp;
			};
			name = Release;
		};
/* End XCBuildConfiguration section */

/* Begin XCConfigurationList section */
		6920A6AB2CA6E32D00A55C3E /* Build configuration list for PBXProject "AngeloApp" */ = {
			isa = XCConfigurationList;
			buildConfigurations = (
				6920A6D22CA6E32E00A55C3E /* Debug */,
				6920A6D32CA6E32E00A55C3E /* Release */,
			);
			defaultConfigurationIsVisible = 0;
			defaultConfigurationName = Release;
		};
		6920A6D42CA6E32E00A55C3E /* Build configuration list for PBXNativeTarget "AngeloApp" */ = {
			isa = XCConfigurationList;
			buildConfigurations = (
				6920A6D52CA6E32E00A55C3E /* Debug */,
				6920A6D62CA6E32E00A55C3E /* Release */,
			);
			defaultConfigurationIsVisible = 0;
			defaultConfigurationName = Release;
		};
		6920A6D72CA6E32E00A55C3E /* Build configuration list for PBXNativeTarget "AngeloAppTests" */ = {
			isa = XCConfigurationList;
			buildConfigurations = (
				6920A6D82CA6E32E00A55C3E /* Debug */,
				6920A6D92CA6E32E00A55C3E /* Release */,
			);
			defaultConfigurationIsVisible = 0;
			defaultConfigurationName = Release;
		};
		6920A6DA2CA6E32E00A55C3E /* Build configuration list for PBXNativeTarget "AngeloAppUITests" */ = {
			isa = XCConfigurationList;
			buildConfigurations = (
				6920A6DB2CA6E32E00A55C3E /* Debug */,
				6920A6DC2CA6E32E00A55C3E /* Release */,
			);
			defaultConfigurationIsVisible = 0;
			defaultConfigurationName = Release;
		};
/* End XCConfigurationList section */
	};
	rootObject = 6920A6A82CA6E32D00A55C3E /* Project object */;
}
